
Microsoft Visual Studio Solution File, Format Version 12.00
# Visual Studio 15
VisualStudioVersion = 15.0.27703.2035
MinimumVisualStudioVersion = 10.0.40219.1
Project("{FAE04EC0-301F-11D3-BF4B-00C04F79EFBC}") = "HttpServer", "HttpServer\HttpServer.csproj", "{FB2F1CA6-C8E9-4534-AA8C-F3159A07E856}"
EndProject
Project("{FAE04EC0-301F-11D3-BF4B-00C04F79EFBC}") = "Server", "Server\Server.csproj", "{A28E505F-8159-4F5B-8500-2FDE7AAE069C}"
EndProject
Global
	GlobalSection(SolutionConfigurationPlatforms) = preSolution
		Debug|Any CPU = Debug|Any CPU
		Release|Any CPU = Release|Any CPU
	EndGlobalSection
	GlobalSection(ProjectConfigurationPlatforms) = postSolution
		{FB2F1CA6-C8E9-4534-AA8C-F3159A07E856}.Debug|Any CPU.ActiveCfg = Debug|Any CPU
		{FB2F1CA6-C8E9-4534-AA8C-F3159A07E856}.Debug|Any CPU.Build.0 = Debug|Any CPU
		{FB2F1CA6-C8E9-4534-AA8C-F3159A07E856}.Release|Any CPU.ActiveCfg = Release|Any CPU
		{FB2F1CA6-C8E9-4534-AA8C-F3159A07E856}.Release|Any CPU.Build.0 = Release|Any CPU
		{A28E505F-8159-4F5B-8500-2FDE7AAE069C}.Debug|Any CPU.ActiveCfg = Debug|Any CPU
		{A28E505F-8159-4F5B-8500-2FDE7AAE069C}.Debug|Any CPU.Build.0 = Debug|Any CPU
		{A28E505F-8159-4F5B-8500-2FDE7AAE069C}.Release|Any CPU.ActiveCfg = Release|Any CPU
		{A28E505F-8159-4F5B-8500-2FDE7AAE069C}.Release|Any CPU.Build.0 = Release|Any CPU
	EndGlobalSection
	GlobalSection(SolutionProperties) = preSolution
		HideSolutionNode = FALSE
	EndGlobalSection
	GlobalSection(ExtensibilityGlobals) = postSolution
		SolutionGuid = {60F7E58B-6AE4-487A-96CC-539EFB6B092E}
	EndGlobalSection
EndGlobal
