
Microsoft Visual Studio Solution File, Format Version 12.00
# Visual Studio 15
VisualStudioVersion = 15.0.27703.2035
MinimumVisualStudioVersion = 10.0.40219.1
Project("{9A19103F-16F7-4668-BE54-9A1E7A4F7556}") = "HttpServer", "HttpServer\HttpServer.csproj", "{83067100-7720-4C01-BE66-C9577D1AEDF2}"
EndProject
Project("{9A19103F-16F7-4668-BE54-9A1E7A4F7556}") = "Server", "Server\Server.csproj", "{E41A3195-A3AA-43D9-B3E8-3E28C25A0624}"
EndProject
Project("{6EC3EE1D-3C4E-46DD-8F32-0CC8E7565705}") = "Http2", "Http2\Http2.fsproj", "{7580D888-A7B8-4698-95ED-118A93E1C4E8}"
EndProject
Project("{F2A71F9B-5D33-465A-A702-920D77279786}") = "WebServer", "WebServer\WebServer.fsproj", "{EE46EE1D-E197-444C-ADBB-1159DAA96B4F}"
EndProject
Global
	GlobalSection(SolutionConfigurationPlatforms) = preSolution
		Debug|Any CPU = Debug|Any CPU
		Release|Any CPU = Release|Any CPU
	EndGlobalSection
	GlobalSection(ProjectConfigurationPlatforms) = postSolution
		{83067100-7720-4C01-BE66-C9577D1AEDF2}.Debug|Any CPU.ActiveCfg = Debug|Any CPU
		{83067100-7720-4C01-BE66-C9577D1AEDF2}.Debug|Any CPU.Build.0 = Debug|Any CPU
		{83067100-7720-4C01-BE66-C9577D1AEDF2}.Release|Any CPU.ActiveCfg = Release|Any CPU
		{83067100-7720-4C01-BE66-C9577D1AEDF2}.Release|Any CPU.Build.0 = Release|Any CPU
		{E41A3195-A3AA-43D9-B3E8-3E28C25A0624}.Debug|Any CPU.ActiveCfg = Debug|Any CPU
		{E41A3195-A3AA-43D9-B3E8-3E28C25A0624}.Debug|Any CPU.Build.0 = Debug|Any CPU
		{E41A3195-A3AA-43D9-B3E8-3E28C25A0624}.Release|Any CPU.ActiveCfg = Release|Any CPU
		{E41A3195-A3AA-43D9-B3E8-3E28C25A0624}.Release|Any CPU.Build.0 = Release|Any CPU
		{7580D888-A7B8-4698-95ED-118A93E1C4E8}.Debug|Any CPU.ActiveCfg = Debug|Any CPU
		{7580D888-A7B8-4698-95ED-118A93E1C4E8}.Debug|Any CPU.Build.0 = Debug|Any CPU
		{7580D888-A7B8-4698-95ED-118A93E1C4E8}.Release|Any CPU.ActiveCfg = Release|Any CPU
		{7580D888-A7B8-4698-95ED-118A93E1C4E8}.Release|Any CPU.Build.0 = Release|Any CPU
		{EE46EE1D-E197-444C-ADBB-1159DAA96B4F}.Debug|Any CPU.ActiveCfg = Debug|Any CPU
		{EE46EE1D-E197-444C-ADBB-1159DAA96B4F}.Debug|Any CPU.Build.0 = Debug|Any CPU
		{EE46EE1D-E197-444C-ADBB-1159DAA96B4F}.Release|Any CPU.ActiveCfg = Release|Any CPU
		{EE46EE1D-E197-444C-ADBB-1159DAA96B4F}.Release|Any CPU.Build.0 = Release|Any CPU
	EndGlobalSection
	GlobalSection(SolutionProperties) = preSolution
		HideSolutionNode = FALSE
	EndGlobalSection
	GlobalSection(ExtensibilityGlobals) = postSolution
		SolutionGuid = {60F7E58B-6AE4-487A-96CC-539EFB6B092E}
	EndGlobalSection
EndGlobal
